
Microsoft Visual Studio Solution File, Format Version 12.00
# Visual Studio Version 17
VisualStudioVersion = 17.2.32616.157
MinimumVisualStudioVersion = 10.0.40219.1
Project("{FAE04EC0-301F-11D3-BF4B-00C04F79EFBC}") = "NewsWebSite", "NewsWebSite\NewsWebSite.csproj", "{6B9AD0D6-82EE-4CF9-B09F-EE2E7F218FA3}"
EndProject
Global
	GlobalSection(SolutionConfigurationPlatforms) = preSolution
		Debug|Any CPU = Debug|Any CPU
		Release|Any CPU = Release|Any CPU
	EndGlobalSection
	GlobalSection(ProjectConfigurationPlatforms) = postSolution
		{6B9AD0D6-82EE-4CF9-B09F-EE2E7F218FA3}.Debug|Any CPU.ActiveCfg = Debug|Any CPU
		{6B9AD0D6-82EE-4CF9-B09F-EE2E7F218FA3}.Debug|Any CPU.Build.0 = Debug|Any CPU
		{6B9AD0D6-82EE-4CF9-B09F-EE2E7F218FA3}.Release|Any CPU.ActiveCfg = Release|Any CPU
		{6B9AD0D6-82EE-4CF9-B09F-EE2E7F218FA3}.Release|Any CPU.Build.0 = Release|Any CPU
	EndGlobalSection
	GlobalSection(SolutionProperties) = preSolution
		HideSolutionNode = FALSE
	EndGlobalSection

EndGlobal
